{
  "name": "@fbracq/read-gedcom-geneafan",
  "version": "0.3.14",
  "lockfileVersion": 3,
  "requires": true,
  "packages": {
    "": {
      "name": "@fbracq/read-gedcom-geneafan",
      "version": "0.3.14",
      "license": "MIT",
      "dependencies": {
        "@fbracq/read-gedcom-geneafan": "^0.3.6",
        "read-gedcom": "^0.3.2"
      },
      "engines": {
        "node": ">=16.0.0"
      }
    },
    "node_modules/@fbracq/read-gedcom-geneafan": {
      "version": "0.3.6",
      "resolved": "https://registry.npmjs.org/@fbracq/read-gedcom-geneafan/-/read-gedcom-geneafan-0.3.6.tgz",
      "integrity": "sha512-uV7AUWJ2cKSk3IgbO0TyB/KEGVwwIvkbpKRE/k6mS68FRmV9awVBx4SbEJ1Qm60jpzJxMfZwA4dhpYKOneJ3eQ==",
      "license": "MIT",
      "dependencies": {
        "@fbracq/read-gedcom-geneafan": "^0.3.1",
        "read-gedcom": "^0.3.2"
      },
      "engines": {
        "node": ">=16.0.0"
      }
    },
    "node_modules/read-gedcom": {
      "version": "0.3.2",
      "resolved": "https://registry.npmjs.org/read-gedcom/-/read-gedcom-0.3.2.tgz",
      "integrity": "sha512-zScKxCRr30wqF5tK60uUmq/IE60KQ1f5xZsH9HBB5/Jl6E9eFx9sCKe3waj1oyFmqCAzisMZSYGi6gfZ25Kilw==",
      "license": "MIT"
    }
  }
}
